
Microsoft Visual Studio Solution File, Format Version 12.00
# Visual Studio Version 17
VisualStudioVersion = 17.0.31912.275
MinimumVisualStudioVersion = 10.0.40219.1
Project("{FAE04EC0-301F-11D3-BF4B-00C04F79EFBC}") = "LpsPkgMnfstDcpt", "LpsPkgMnfstDcpt.csproj", "{32DCFD0C-7AA7-4804-BE54-BA848B3719BF}"
EndProject
Global
	GlobalSection(SolutionConfigurationPlatforms) = preSolution
		Debug|Any CPU = Debug|Any CPU
		Release|Any CPU = Release|Any CPU
	EndGlobalSection
	GlobalSection(ProjectConfigurationPlatforms) = postSolution
		{32DCFD0C-7AA7-4804-BE54-BA848B3719BF}.Debug|Any CPU.ActiveCfg = Debug|Any CPU
		{32DCFD0C-7AA7-4804-BE54-BA848B3719BF}.Debug|Any CPU.Build.0 = Debug|Any CPU
		{32DCFD0C-7AA7-4804-BE54-BA848B3719BF}.Release|Any CPU.ActiveCfg = Release|Any CPU
		{32DCFD0C-7AA7-4804-BE54-BA848B3719BF}.Release|Any CPU.Build.0 = Release|Any CPU
	EndGlobalSection
	GlobalSection(SolutionProperties) = preSolution
		HideSolutionNode = FALSE
	EndGlobalSection
	GlobalSection(ExtensibilityGlobals) = postSolution
		SolutionGuid = {00F89535-5E2E-4A16-9591-31132B947679}
	EndGlobalSection
EndGlobal
